
Microsoft Visual Studio Solution File, Format Version 12.00
# Visual Studio Version 17
VisualStudioVersion = 17.5.33627.172
MinimumVisualStudioVersion = 10.0.40219.1
Project("{9A19103F-16F7-4668-BE54-9A1E7A4F7556}") = "GTERP", "GTERP\GTERP.csproj", "{BA1E2C3F-7146-45F3-8489-FFD7B9F63880}"
EndProject
Global
	GlobalSection(SolutionConfigurationPlatforms) = preSolution
		Debug|Any CPU = Debug|Any CPU
		Release|Any CPU = Release|Any CPU
	EndGlobalSection
	GlobalSection(ProjectConfigurationPlatforms) = postSolution
		{BA1E2C3F-7146-45F3-8489-FFD7B9F63880}.Debug|Any CPU.ActiveCfg = Debug|Any CPU
		{BA1E2C3F-7146-45F3-8489-FFD7B9F63880}.Debug|Any CPU.Build.0 = Debug|Any CPU
		{BA1E2C3F-7146-45F3-8489-FFD7B9F63880}.Release|Any CPU.ActiveCfg = Release|Any CPU
		{BA1E2C3F-7146-45F3-8489-FFD7B9F63880}.Release|Any CPU.Build.0 = Release|Any CPU
	EndGlobalSection
	GlobalSection(SolutionProperties) = preSolution
		HideSolutionNode = FALSE
	EndGlobalSection
	GlobalSection(ExtensibilityGlobals) = postSolution
		SolutionGuid = {C884838D-695C-4FED-81B1-B9A59AAF7EB9}
	EndGlobalSection
EndGlobal
